
Microsoft Visual Studio Solution File, Format Version 12.00
# Visual Studio Version 17
VisualStudioVersion = 17.0.32112.339
MinimumVisualStudioVersion = 10.0.40219.1
Project("{9A19103F-16F7-4668-BE54-9A1E7A4F7556}") = "Catalog.API", "src\Services\Catalog\Catalog.API\Catalog.API.csproj", "{5B5178BC-CD4D-4541-80B8-489123C97BCA}"
EndProject
Project("{2150E333-8FDC-42A3-9474-1A3956D46DE8}") = "Services", "Services", "{44B22552-738F-4023-B5DA-9C60475DFFD4}"
EndProject
Project("{2150E333-8FDC-42A3-9474-1A3956D46DE8}") = "Catalog", "Catalog", "{19D617A0-F681-4ABD-A9A1-0BEDCF42A24E}"
EndProject
Project("{2150E333-8FDC-42A3-9474-1A3956D46DE8}") = "src", "src", "{EC95D2A4-84C1-4A25-97D4-C291E4E7D037}"
EndProject
Project("{2150E333-8FDC-42A3-9474-1A3956D46DE8}") = "Solution Files", "Solution Files", "{D15D6075-75B2-4F80-B5E7-EC7B0F859D04}"
	ProjectSection(SolutionItems) = preProject
		.gitignore = .gitignore
	EndProjectSection
EndProject
Global
	GlobalSection(SolutionConfigurationPlatforms) = preSolution
		Debug|Any CPU = Debug|Any CPU
		Release|Any CPU = Release|Any CPU
	EndGlobalSection
	GlobalSection(ProjectConfigurationPlatforms) = postSolution
		{5B5178BC-CD4D-4541-80B8-489123C97BCA}.Debug|Any CPU.ActiveCfg = Debug|Any CPU
		{5B5178BC-CD4D-4541-80B8-489123C97BCA}.Debug|Any CPU.Build.0 = Debug|Any CPU
		{5B5178BC-CD4D-4541-80B8-489123C97BCA}.Release|Any CPU.ActiveCfg = Release|Any CPU
		{5B5178BC-CD4D-4541-80B8-489123C97BCA}.Release|Any CPU.Build.0 = Release|Any CPU
	EndGlobalSection
	GlobalSection(SolutionProperties) = preSolution
		HideSolutionNode = FALSE
	EndGlobalSection
	GlobalSection(NestedProjects) = preSolution
		{5B5178BC-CD4D-4541-80B8-489123C97BCA} = {19D617A0-F681-4ABD-A9A1-0BEDCF42A24E}
		{44B22552-738F-4023-B5DA-9C60475DFFD4} = {EC95D2A4-84C1-4A25-97D4-C291E4E7D037}
		{19D617A0-F681-4ABD-A9A1-0BEDCF42A24E} = {44B22552-738F-4023-B5DA-9C60475DFFD4}
	EndGlobalSection
	GlobalSection(ExtensibilityGlobals) = postSolution
		SolutionGuid = {DAB96329-225D-45ED-A707-6EF7AD5ACD1A}
	EndGlobalSection
EndGlobal
